
Microsoft Visual Studio Solution File, Format Version 12.00
# Visual Studio 15
VisualStudioVersion = 15.0.28307.645
MinimumVisualStudioVersion = 10.0.40219.1
Project("{FAE04EC0-301F-11D3-BF4B-00C04F79EFBC}") = "OLiOYouxi.OSystem.OLiOCEvents", "OLiOYouxi.OSystem.OLiOCEvents\OLiOYouxi.OSystem.OLiOCEvents.csproj", "{3DCEA1F8-4D41-48BF-86BD-E9E48A23ABC9}"
EndProject
Project("{FAE04EC0-301F-11D3-BF4B-00C04F79EFBC}") = "OLiOYouxi.OSystem.OLiOUEvents", "OLiOYouxi.OSystem.OLiOUEvents\OLiOYouxi.OSystem.OLiOUEvents.csproj", "{776E335C-6184-443E-8519-FBC19047752C}"
EndProject
Global
	GlobalSection(SolutionConfigurationPlatforms) = preSolution
		Debug|Any CPU = Debug|Any CPU
		Release|Any CPU = Release|Any CPU
	EndGlobalSection
	GlobalSection(ProjectConfigurationPlatforms) = postSolution
		{3DCEA1F8-4D41-48BF-86BD-E9E48A23ABC9}.Debug|Any CPU.ActiveCfg = Debug|Any CPU
		{3DCEA1F8-4D41-48BF-86BD-E9E48A23ABC9}.Debug|Any CPU.Build.0 = Debug|Any CPU
		{3DCEA1F8-4D41-48BF-86BD-E9E48A23ABC9}.Release|Any CPU.ActiveCfg = Release|Any CPU
		{3DCEA1F8-4D41-48BF-86BD-E9E48A23ABC9}.Release|Any CPU.Build.0 = Release|Any CPU
		{776E335C-6184-443E-8519-FBC19047752C}.Debug|Any CPU.ActiveCfg = Debug|Any CPU
		{776E335C-6184-443E-8519-FBC19047752C}.Debug|Any CPU.Build.0 = Debug|Any CPU
		{776E335C-6184-443E-8519-FBC19047752C}.Release|Any CPU.ActiveCfg = Release|Any CPU
		{776E335C-6184-443E-8519-FBC19047752C}.Release|Any CPU.Build.0 = Release|Any CPU
	EndGlobalSection
	GlobalSection(SolutionProperties) = preSolution
		HideSolutionNode = FALSE
	EndGlobalSection
	GlobalSection(ExtensibilityGlobals) = postSolution
		SolutionGuid = {21DC7793-3F70-4966-A87F-5F5E7DD93B45}
	EndGlobalSection
EndGlobal
